
Microsoft Visual Studio Solution File, Format Version 12.00
# Visual Studio 2012
Project("{FAE04EC0-301F-11D3-BF4B-00C04F79EFBC}") = "BMI.Android", "BMI.Android\BMI.Android.csproj", "{89B089B1-FD00-4730-9A7F-6EE767DBA074}"
EndProject
Project("{FAE04EC0-301F-11D3-BF4B-00C04F79EFBC}") = "BMI.Core", "BMI.Core\BMI.Core.csproj", "{6C1108E8-DDD8-4516-9170-6D33A271FD95}"
EndProject
Global
	GlobalSection(SolutionConfigurationPlatforms) = preSolution
		Debug|Any CPU = Debug|Any CPU
		Release|Any CPU = Release|Any CPU
	EndGlobalSection
	GlobalSection(ProjectConfigurationPlatforms) = postSolution
		{6C1108E8-DDD8-4516-9170-6D33A271FD95}.Debug|Any CPU.ActiveCfg = Debug|Any CPU
		{6C1108E8-DDD8-4516-9170-6D33A271FD95}.Debug|Any CPU.Build.0 = Debug|Any CPU
		{6C1108E8-DDD8-4516-9170-6D33A271FD95}.Release|Any CPU.ActiveCfg = Release|Any CPU
		{6C1108E8-DDD8-4516-9170-6D33A271FD95}.Release|Any CPU.Build.0 = Release|Any CPU
		{89B089B1-FD00-4730-9A7F-6EE767DBA074}.Debug|Any CPU.ActiveCfg = Debug|Any CPU
		{89B089B1-FD00-4730-9A7F-6EE767DBA074}.Debug|Any CPU.Build.0 = Debug|Any CPU
		{89B089B1-FD00-4730-9A7F-6EE767DBA074}.Release|Any CPU.ActiveCfg = Release|Any CPU
		{89B089B1-FD00-4730-9A7F-6EE767DBA074}.Release|Any CPU.Build.0 = Release|Any CPU
	EndGlobalSection
EndGlobal
